
Microsoft Visual Studio Solution File, Format Version 12.00
# Visual Studio Version 17
VisualStudioVersion = 17.1.32421.90
MinimumVisualStudioVersion = 10.0.40219.1
Project("{FAE04EC0-301F-11D3-BF4B-00C04F79EFBC}") = "IronOCR2", "IronOCR2\IronOCR2.csproj", "{71DB7A82-C495-493D-A94D-AB0586E73D7E}"
EndProject
Global
	GlobalSection(SolutionConfigurationPlatforms) = preSolution
		Debug|Any CPU = Debug|Any CPU
		Release|Any CPU = Release|Any CPU
	EndGlobalSection
	GlobalSection(ProjectConfigurationPlatforms) = postSolution
		{71DB7A82-C495-493D-A94D-AB0586E73D7E}.Debug|Any CPU.ActiveCfg = Debug|Any CPU
		{71DB7A82-C495-493D-A94D-AB0586E73D7E}.Debug|Any CPU.Build.0 = Debug|Any CPU
		{71DB7A82-C495-493D-A94D-AB0586E73D7E}.Release|Any CPU.ActiveCfg = Release|Any CPU
		{71DB7A82-C495-493D-A94D-AB0586E73D7E}.Release|Any CPU.Build.0 = Release|Any CPU
	EndGlobalSection
	GlobalSection(SolutionProperties) = preSolution
		HideSolutionNode = FALSE
	EndGlobalSection
	GlobalSection(ExtensibilityGlobals) = postSolution
		SolutionGuid = {5AF107D0-00D6-4E97-8C2C-D56509ECC1EA}
	EndGlobalSection
EndGlobal
